
Microsoft Visual Studio Solution File, Format Version 12.00
# Visual Studio Version 16
VisualStudioVersion = 16.0.31702.278
MinimumVisualStudioVersion = 10.0.40219.1
Project("{FAE04EC0-301F-11D3-BF4B-00C04F79EFBC}") = "lesson18", "lesson18\lesson18.csproj", "{247742FF-DC0F-4A08-B17A-A1FFA0A26D5C}"
EndProject
Global
	GlobalSection(SolutionConfigurationPlatforms) = preSolution
		Debug|Any CPU = Debug|Any CPU
		Release|Any CPU = Release|Any CPU
	EndGlobalSection
	GlobalSection(ProjectConfigurationPlatforms) = postSolution
		{247742FF-DC0F-4A08-B17A-A1FFA0A26D5C}.Debug|Any CPU.ActiveCfg = Debug|Any CPU
		{247742FF-DC0F-4A08-B17A-A1FFA0A26D5C}.Debug|Any CPU.Build.0 = Debug|Any CPU
		{247742FF-DC0F-4A08-B17A-A1FFA0A26D5C}.Release|Any CPU.ActiveCfg = Release|Any CPU
		{247742FF-DC0F-4A08-B17A-A1FFA0A26D5C}.Release|Any CPU.Build.0 = Release|Any CPU
	EndGlobalSection
	GlobalSection(SolutionProperties) = preSolution
		HideSolutionNode = FALSE
	EndGlobalSection
	GlobalSection(ExtensibilityGlobals) = postSolution
		SolutionGuid = {BADFBE94-0350-45EA-B9FA-850C0E8CC016}
	EndGlobalSection
EndGlobal
